
Microsoft Visual Studio Solution File, Format Version 12.00
# Visual Studio Version 16
VisualStudioVersion = 16.0.31702.278
MinimumVisualStudioVersion = 10.0.40219.1
Project("{FAE04EC0-301F-11D3-BF4B-00C04F79EFBC}") = "KvantumMarket", "KvantumMarket\KvantumMarket.csproj", "{DE4BF741-9B76-4284-BF4B-ED67C5C69040}"
EndProject
Global
	GlobalSection(SolutionConfigurationPlatforms) = preSolution
		Debug|Any CPU = Debug|Any CPU
		Release|Any CPU = Release|Any CPU
	EndGlobalSection
	GlobalSection(ProjectConfigurationPlatforms) = postSolution
		{DE4BF741-9B76-4284-BF4B-ED67C5C69040}.Debug|Any CPU.ActiveCfg = Debug|Any CPU
		{DE4BF741-9B76-4284-BF4B-ED67C5C69040}.Debug|Any CPU.Build.0 = Debug|Any CPU
		{DE4BF741-9B76-4284-BF4B-ED67C5C69040}.Release|Any CPU.ActiveCfg = Release|Any CPU
		{DE4BF741-9B76-4284-BF4B-ED67C5C69040}.Release|Any CPU.Build.0 = Release|Any CPU
	EndGlobalSection
	GlobalSection(SolutionProperties) = preSolution
		HideSolutionNode = FALSE
	EndGlobalSection
	GlobalSection(ExtensibilityGlobals) = postSolution
		SolutionGuid = {C1AFACF8-79CC-405F-B679-D52B3D80C8F1}
	EndGlobalSection
EndGlobal
